Microsoft Visual Studio Solution File, Format Version 12.00
# Visual Studio Version 17
VisualStudioVersion = 17.5.2.0
MinimumVisualStudioVersion = 10.0.40219.1
Project("{FAE04EC0-301F-11D3-BF4B-00C04F79EFBC}") = "MVCASPNET", "MVCASPNET.csproj", "{DF8FB2E6-1129-AD2D-24F0-91C7ABAEF609}"
EndProject
Global
	GlobalSection(SolutionConfigurationPlatforms) = preSolution
		Debug|Any CPU = Debug|Any CPU
		Release|Any CPU = Release|Any CPU
	EndGlobalSection
	GlobalSection(ProjectConfigurationPlatforms) = postSolution
		{DF8FB2E6-1129-AD2D-24F0-91C7ABAEF609}.Debug|Any CPU.ActiveCfg = Debug|Any CPU
		{DF8FB2E6-1129-AD2D-24F0-91C7ABAEF609}.Debug|Any CPU.Build.0 = Debug|Any CPU
		{DF8FB2E6-1129-AD2D-24F0-91C7ABAEF609}.Release|Any CPU.ActiveCfg = Release|Any CPU
		{DF8FB2E6-1129-AD2D-24F0-91C7ABAEF609}.Release|Any CPU.Build.0 = Release|Any CPU
	EndGlobalSection
	GlobalSection(SolutionProperties) = preSolution
		HideSolutionNode = FALSE
	EndGlobalSection
	GlobalSection(ExtensibilityGlobals) = postSolution
		SolutionGuid = {56259E59-0685-4E35-B399-C122A1BBAEED}
	EndGlobalSection
EndGlobal
